
Microsoft Visual Studio Solution File, Format Version 12.00
# Visual Studio Version 16
VisualStudioVersion = 16.0.33927.289
MinimumVisualStudioVersion = 10.0.40219.1
Project("{2150E333-8FDC-42A3-9474-1A3956D46DE8}") = "Task0", "Task0", "{8A1BD3C9-9004-43A9-A773-7AC5C3CAB3B5}"
EndProject
Project("{2150E333-8FDC-42A3-9474-1A3956D46DE8}") = "Task2", "Task2", "{D5040E9A-A530-4825-A747-16A4C6D59A85}"
EndProject
Project("{2150E333-8FDC-42A3-9474-1A3956D46DE8}") = "Task1", "Task1", "{41AEBA02-0378-4779-A9B2-9A74427EF961}"
EndProject
Project("{2150E333-8FDC-42A3-9474-1A3956D46DE8}") = "Task6", "Task6", "{08DF2088-074A-46EC-9802-F6BFB6D40F78}"
EndProject
Project("{2150E333-8FDC-42A3-9474-1A3956D46DE8}") = "Task5", "Task5", "{37D073B6-3F8C-49D4-B7F5-49511FC192CF}"
EndProject
Project("{2150E333-8FDC-42A3-9474-1A3956D46DE8}") = "Task4", "Task4", "{C866663B-7AEF-443B-988D-2BBD0D9FA9BF}"
EndProject
Project("{2150E333-8FDC-42A3-9474-1A3956D46DE8}") = "Task3", "Task3", "{F3FD9C90-E967-42F1-AAE9-B7D619C9991A}"
EndProject
Project("{FAE04EC0-301F-11D3-BF4B-00C04F79EFBC}") = "Tyuiu.IvanovJD.Sprint0.Csharp.Task1.Lib", "Tyuiu.IvanovJD.Sprint0.Csharp.Task1.Lib\Tyuiu.IvanovJD.Sprint0.Csharp.Task1.Lib.csproj", "{91F9273D-69E5-44FA-82C8-4A7C6783DD77}"
EndProject
Project("{FAE04EC0-301F-11D3-BF4B-00C04F79EFBC}") = "Tyuiu.IvanovJD.Sprint0.Csharp.Task1.Test", "Tyuiu.IvanovJD.Sprint0.Csharp.Task1.Test\Tyuiu.IvanovJD.Sprint0.Csharp.Task1.Test.csproj", "{8018D9FE-B208-4450-AAE6-C232AF4193FA}"
EndProject
Project("{FAE04EC0-301F-11D3-BF4B-00C04F79EFBC}") = "Tyuiu.IvanovJD.Sprint0.Csharp.Task1", "Tyuiu.IvanovJD.Sprint0.Csharp.Task1\Tyuiu.IvanovJD.Sprint0.Csharp.Task1.csproj", "{9859B599-02B9-4102-B1B1-4F65C72B06C2}"
EndProject
Project("{FAE04EC0-301F-11D3-BF4B-00C04F79EFBC}") = "Tyuiu.IvanovJD.Sprint0.Csharp.Task0", "Tyuiu.IvanovJD.Sprint0.Csharp.Task0\Tyuiu.IvanovJD.Sprint0.Csharp.Task0.csproj", "{16A1B099-185C-40A7-B46E-9227D423635F}"
EndProject
Project("{FAE04EC0-301F-11D3-BF4B-00C04F79EFBC}") = "Tyuiu.IvanovJD.Sprint0.Csharp.Task2", "Tyuiu.IvanovJD.Sprint0.Csharp.Task2\Tyuiu.IvanovJD.Sprint0.Csharp.Task2.csproj", "{CC2586AD-CF32-4412-8FF2-843525F450C1}"
EndProject
Project("{FAE04EC0-301F-11D3-BF4B-00C04F79EFBC}") = "Tyuiu.IvanovJD.Sprint0.Csharp.Task2.Test", "Tyuiu.IvanovJD.Sprint0.Csharp.Task2.Test\Tyuiu.IvanovJD.Sprint0.Csharp.Task2.Test.csproj", "{9275EE8C-6E9A-4FCA-8E83-13E5C8CE1BC8}"
EndProject
Project("{FAE04EC0-301F-11D3-BF4B-00C04F79EFBC}") = "Tyuiu.IvanovJD.Sprint0.Csharp.Task2.Lib", "Tyuiu.IvanovJD.Sprint0.Csharp.Task2.Lib\Tyuiu.IvanovJD.Sprint0.Csharp.Task2.Lib.csproj", "{DB962D66-3DEE-4760-9486-60AE07CDEF66}"
EndProject
Project("{FAE04EC0-301F-11D3-BF4B-00C04F79EFBC}") = "Tyuiu.IvanovJD.Sprint0.Csharp.Task3.Lib", "Tyuiu.IvanovJD.Sprint0.Csharp.Task3.Lib\Tyuiu.IvanovJD.Sprint0.Csharp.Task3.Lib.csproj", "{39EE3632-6454-4CF9-87BF-0B43AF6FF49B}"
EndProject
Project("{FAE04EC0-301F-11D3-BF4B-00C04F79EFBC}") = "Tyuiu.IvanovJD.Sprint0.Csharp.Task3.Test", "Tyuiu.IvanovJD.Sprint0.Csharp.Task3.Test\Tyuiu.IvanovJD.Sprint0.Csharp.Task3.Test.csproj", "{F537FFA8-EC7D-4C9B-A88A-585F262E4621}"
EndProject
Project("{FAE04EC0-301F-11D3-BF4B-00C04F79EFBC}") = "Tyuiu.IvanovJD.Sprint0.Csharp.Task3", "Tyuiu.IvanovJD.Sprint0.Csharp.Task3\Tyuiu.IvanovJD.Sprint0.Csharp.Task3.csproj", "{CD6A9D95-5638-4170-A5F4-6211AD18EABF}"
EndProject
Project("{FAE04EC0-301F-11D3-BF4B-00C04F79EFBC}") = "Tyuiu.IvanovJD.Sprint0.Csharp.Task4.V1", "Tyuiu.IvanovJD.Sprint0.Csharp.Task3.V1\Tyuiu.IvanovJD.Sprint0.Csharp.Task4.V1.csproj", "{2E812605-3781-4A45-8C80-76B726204280}"
EndProject
Project("{FAE04EC0-301F-11D3-BF4B-00C04F79EFBC}") = "Tyuiu.IvanovJD.Sprint0.Csharp.Task4.V1.Test", "Tyuiu.IvanovJD.Sprint0.Csharp.Task3.V1.Test\Tyuiu.IvanovJD.Sprint0.Csharp.Task4.V1.Test.csproj", "{D8B310C0-CB44-453F-BF8F-EF83C6EF9E5D}"
EndProject
Project("{FAE04EC0-301F-11D3-BF4B-00C04F79EFBC}") = "Tyuiu.IvanovJD.Sprint0.Csharp.Task4.V1.Lib", "Tyuiu.IvanovJD.Sprint0.Csharp.Task3.V1.Lib\Tyuiu.IvanovJD.Sprint0.Csharp.Task4.V1.Lib.csproj", "{CA939BAE-6A4D-463D-8F0A-79EA5F2A6B27}"
EndProject
Project("{FAE04EC0-301F-11D3-BF4B-00C04F79EFBC}") = "Tyuiu.IvanovJD.Sprint0.Csharp.Task5.V1.Lib", "Tyuiu.IvanovJD.Sprint0.Csharp.Task5.V1.Lib\Tyuiu.IvanovJD.Sprint0.Csharp.Task5.V1.Lib.csproj", "{FF9D6251-7200-4A7C-9267-480EAAEBD36C}"
EndProject
Project("{FAE04EC0-301F-11D3-BF4B-00C04F79EFBC}") = "Tyuiu.IvanovJD.Sprint0.Csharp.Task5.V1.Test", "Tyuiu.IvanovJD.Sprint0.Csharp.Task5.V1.Test\Tyuiu.IvanovJD.Sprint0.Csharp.Task5.V1.Test.csproj", "{63987F97-8799-4F7F-9893-D6F6CC9F0502}"
EndProject
Project("{FAE04EC0-301F-11D3-BF4B-00C04F79EFBC}") = "Tyuiu.IvanovJD.Sprint0.Csharp.Task5.V1", "Tyuiu.IvanovJD.Sprint0.Csharp.Task5.V1\Tyuiu.IvanovJD.Sprint0.Csharp.Task5.V1.csproj", "{D69797CF-2068-43C5-A65F-89312D72A1F4}"
EndProject
Project("{FAE04EC0-301F-11D3-BF4B-00C04F79EFBC}") = "Tyuiu.IvanovJD.Sprint0.Csharp.Task6.V1", "Tyuiu.IvanovJD.Sprint0.Csharp.Task6.V1\Tyuiu.IvanovJD.Sprint0.Csharp.Task6.V1.csproj", "{9194DC94-6037-4688-8649-C7715677BCF6}"
EndProject
Project("{FAE04EC0-301F-11D3-BF4B-00C04F79EFBC}") = "Tyuiu.IvanovJD.Sprint0.Csharp.Task6.V1.Test", "Tyuiu.IvanovJD.Sprint0.Csharp.Task6.V1.Test\Tyuiu.IvanovJD.Sprint0.Csharp.Task6.V1.Test.csproj", "{ACD99593-7D50-4B83-851F-49B4243B5F98}"
EndProject
Project("{FAE04EC0-301F-11D3-BF4B-00C04F79EFBC}") = "Tyuiu.IvanovJD.Sprint0.Csharp.Task6.V1.Lib", "Tyuiu.IvanovJD.Sprint0.Csharp.Task6.V1.Lib\Tyuiu.IvanovJD.Sprint0.Csharp.Task6.V1.Lib.csproj", "{DE534716-FEA3-494C-8521-B6F5EDE774B8}"
EndProject
Global
	GlobalSection(SolutionConfigurationPlatforms) = preSolution
		Debug|Any CPU = Debug|Any CPU
		Release|Any CPU = Release|Any CPU
	EndGlobalSection
	GlobalSection(ProjectConfigurationPlatforms) = postSolution
		{91F9273D-69E5-44FA-82C8-4A7C6783DD77}.Debug|Any CPU.ActiveCfg = Debug|Any CPU
		{91F9273D-69E5-44FA-82C8-4A7C6783DD77}.Debug|Any CPU.Build.0 = Debug|Any CPU
		{91F9273D-69E5-44FA-82C8-4A7C6783DD77}.Release|Any CPU.ActiveCfg = Release|Any CPU
		{91F9273D-69E5-44FA-82C8-4A7C6783DD77}.Release|Any CPU.Build.0 = Release|Any CPU
		{8018D9FE-B208-4450-AAE6-C232AF4193FA}.Debug|Any CPU.ActiveCfg = Debug|Any CPU
		{8018D9FE-B208-4450-AAE6-C232AF4193FA}.Debug|Any CPU.Build.0 = Debug|Any CPU
		{8018D9FE-B208-4450-AAE6-C232AF4193FA}.Release|Any CPU.ActiveCfg = Release|Any CPU
		{8018D9FE-B208-4450-AAE6-C232AF4193FA}.Release|Any CPU.Build.0 = Release|Any CPU
		{9859B599-02B9-4102-B1B1-4F65C72B06C2}.Debug|Any CPU.ActiveCfg = Debug|Any CPU
		{9859B599-02B9-4102-B1B1-4F65C72B06C2}.Debug|Any CPU.Build.0 = Debug|Any CPU
		{9859B599-02B9-4102-B1B1-4F65C72B06C2}.Release|Any CPU.ActiveCfg = Release|Any CPU
		{9859B599-02B9-4102-B1B1-4F65C72B06C2}.Release|Any CPU.Build.0 = Release|Any CPU
		{16A1B099-185C-40A7-B46E-9227D423635F}.Debug|Any CPU.ActiveCfg = Debug|Any CPU
		{16A1B099-185C-40A7-B46E-9227D423635F}.Debug|Any CPU.Build.0 = Debug|Any CPU
		{16A1B099-185C-40A7-B46E-9227D423635F}.Release|Any CPU.ActiveCfg = Release|Any CPU
		{16A1B099-185C-40A7-B46E-9227D423635F}.Release|Any CPU.Build.0 = Release|Any CPU
		{CC2586AD-CF32-4412-8FF2-843525F450C1}.Debug|Any CPU.ActiveCfg = Debug|Any CPU
		{CC2586AD-CF32-4412-8FF2-843525F450C1}.Debug|Any CPU.Build.0 = Debug|Any CPU
		{CC2586AD-CF32-4412-8FF2-843525F450C1}.Release|Any CPU.ActiveCfg = Release|Any CPU
		{CC2586AD-CF32-4412-8FF2-843525F450C1}.Release|Any CPU.Build.0 = Release|Any CPU
		{9275EE8C-6E9A-4FCA-8E83-13E5C8CE1BC8}.Debug|Any CPU.ActiveCfg = Debug|Any CPU
		{9275EE8C-6E9A-4FCA-8E83-13E5C8CE1BC8}.Debug|Any CPU.Build.0 = Debug|Any CPU
		{9275EE8C-6E9A-4FCA-8E83-13E5C8CE1BC8}.Release|Any CPU.ActiveCfg = Release|Any CPU
		{9275EE8C-6E9A-4FCA-8E83-13E5C8CE1BC8}.Release|Any CPU.Build.0 = Release|Any CPU
		{DB962D66-3DEE-4760-9486-60AE07CDEF66}.Debug|Any CPU.ActiveCfg = Debug|Any CPU
		{DB962D66-3DEE-4760-9486-60AE07CDEF66}.Debug|Any CPU.Build.0 = Debug|Any CPU
		{DB962D66-3DEE-4760-9486-60AE07CDEF66}.Release|Any CPU.ActiveCfg = Release|Any CPU
		{DB962D66-3DEE-4760-9486-60AE07CDEF66}.Release|Any CPU.Build.0 = Release|Any CPU
		{39EE3632-6454-4CF9-87BF-0B43AF6FF49B}.Debug|Any CPU.ActiveCfg = Debug|Any CPU
		{39EE3632-6454-4CF9-87BF-0B43AF6FF49B}.Debug|Any CPU.Build.0 = Debug|Any CPU
		{39EE3632-6454-4CF9-87BF-0B43AF6FF49B}.Release|Any CPU.ActiveCfg = Release|Any CPU
		{39EE3632-6454-4CF9-87BF-0B43AF6FF49B}.Release|Any CPU.Build.0 = Release|Any CPU
		{F537FFA8-EC7D-4C9B-A88A-585F262E4621}.Debug|Any CPU.ActiveCfg = Debug|Any CPU
		{F537FFA8-EC7D-4C9B-A88A-585F262E4621}.Debug|Any CPU.Build.0 = Debug|Any CPU
		{F537FFA8-EC7D-4C9B-A88A-585F262E4621}.Release|Any CPU.ActiveCfg = Release|Any CPU
		{F537FFA8-EC7D-4C9B-A88A-585F262E4621}.Release|Any CPU.Build.0 = Release|Any CPU
		{CD6A9D95-5638-4170-A5F4-6211AD18EABF}.Debug|Any CPU.ActiveCfg = Debug|Any CPU
		{CD6A9D95-5638-4170-A5F4-6211AD18EABF}.Debug|Any CPU.Build.0 = Debug|Any CPU
		{CD6A9D95-5638-4170-A5F4-6211AD18EABF}.Release|Any CPU.ActiveCfg = Release|Any CPU
		{CD6A9D95-5638-4170-A5F4-6211AD18EABF}.Release|Any CPU.Build.0 = Release|Any CPU
		{2E812605-3781-4A45-8C80-76B726204280}.Debug|Any CPU.ActiveCfg = Debug|Any CPU
		{2E812605-3781-4A45-8C80-76B726204280}.Debug|Any CPU.Build.0 = Debug|Any CPU
		{2E812605-3781-4A45-8C80-76B726204280}.Release|Any CPU.ActiveCfg = Release|Any CPU
		{2E812605-3781-4A45-8C80-76B726204280}.Release|Any CPU.Build.0 = Release|Any CPU
		{D8B310C0-CB44-453F-BF8F-EF83C6EF9E5D}.Debug|Any CPU.ActiveCfg = Debug|Any CPU
		{D8B310C0-CB44-453F-BF8F-EF83C6EF9E5D}.Debug|Any CPU.Build.0 = Debug|Any CPU
		{D8B310C0-CB44-453F-BF8F-EF83C6EF9E5D}.Release|Any CPU.ActiveCfg = Release|Any CPU
		{D8B310C0-CB44-453F-BF8F-EF83C6EF9E5D}.Release|Any CPU.Build.0 = Release|Any CPU
		{CA939BAE-6A4D-463D-8F0A-79EA5F2A6B27}.Debug|Any CPU.ActiveCfg = Debug|Any CPU
		{CA939BAE-6A4D-463D-8F0A-79EA5F2A6B27}.Debug|Any CPU.Build.0 = Debug|Any CPU
		{CA939BAE-6A4D-463D-8F0A-79EA5F2A6B27}.Release|Any CPU.ActiveCfg = Release|Any CPU
		{CA939BAE-6A4D-463D-8F0A-79EA5F2A6B27}.Release|Any CPU.Build.0 = Release|Any CPU
		{FF9D6251-7200-4A7C-9267-480EAAEBD36C}.Debug|Any CPU.ActiveCfg = Debug|Any CPU
		{FF9D6251-7200-4A7C-9267-480EAAEBD36C}.Debug|Any CPU.Build.0 = Debug|Any CPU
		{FF9D6251-7200-4A7C-9267-480EAAEBD36C}.Release|Any CPU.ActiveCfg = Release|Any CPU
		{FF9D6251-7200-4A7C-9267-480EAAEBD36C}.Release|Any CPU.Build.0 = Release|Any CPU
		{63987F97-8799-4F7F-9893-D6F6CC9F0502}.Debug|Any CPU.ActiveCfg = Debug|Any CPU
		{63987F97-8799-4F7F-9893-D6F6CC9F0502}.Debug|Any CPU.Build.0 = Debug|Any CPU
		{63987F97-8799-4F7F-9893-D6F6CC9F0502}.Release|Any CPU.ActiveCfg = Release|Any CPU
		{63987F97-8799-4F7F-9893-D6F6CC9F0502}.Release|Any CPU.Build.0 = Release|Any CPU
		{D69797CF-2068-43C5-A65F-89312D72A1F4}.Debug|Any CPU.ActiveCfg = Debug|Any CPU
		{D69797CF-2068-43C5-A65F-89312D72A1F4}.Debug|Any CPU.Build.0 = Debug|Any CPU
		{D69797CF-2068-43C5-A65F-89312D72A1F4}.Release|Any CPU.ActiveCfg = Release|Any CPU
		{D69797CF-2068-43C5-A65F-89312D72A1F4}.Release|Any CPU.Build.0 = Release|Any CPU
		{9194DC94-6037-4688-8649-C7715677BCF6}.Debug|Any CPU.ActiveCfg = Debug|Any CPU
		{9194DC94-6037-4688-8649-C7715677BCF6}.Debug|Any CPU.Build.0 = Debug|Any CPU
		{9194DC94-6037-4688-8649-C7715677BCF6}.Release|Any CPU.ActiveCfg = Release|Any CPU
		{9194DC94-6037-4688-8649-C7715677BCF6}.Release|Any CPU.Build.0 = Release|Any CPU
		{ACD99593-7D50-4B83-851F-49B4243B5F98}.Debug|Any CPU.ActiveCfg = Debug|Any CPU
		{ACD99593-7D50-4B83-851F-49B4243B5F98}.Debug|Any CPU.Build.0 = Debug|Any CPU
		{ACD99593-7D50-4B83-851F-49B4243B5F98}.Release|Any CPU.ActiveCfg = Release|Any CPU
		{ACD99593-7D50-4B83-851F-49B4243B5F98}.Release|Any CPU.Build.0 = Release|Any CPU
		{DE534716-FEA3-494C-8521-B6F5EDE774B8}.Debug|Any CPU.ActiveCfg = Debug|Any CPU
		{DE534716-FEA3-494C-8521-B6F5EDE774B8}.Debug|Any CPU.Build.0 = Debug|Any CPU
		{DE534716-FEA3-494C-8521-B6F5EDE774B8}.Release|Any CPU.ActiveCfg = Release|Any CPU
		{DE534716-FEA3-494C-8521-B6F5EDE774B8}.Release|Any CPU.Build.0 = Release|Any CPU
	EndGlobalSection
	GlobalSection(SolutionProperties) = preSolution
		HideSolutionNode = FALSE
	EndGlobalSection
	GlobalSection(NestedProjects) = preSolution
		{91F9273D-69E5-44FA-82C8-4A7C6783DD77} = {41AEBA02-0378-4779-A9B2-9A74427EF961}
		{8018D9FE-B208-4450-AAE6-C232AF4193FA} = {41AEBA02-0378-4779-A9B2-9A74427EF961}
		{9859B599-02B9-4102-B1B1-4F65C72B06C2} = {41AEBA02-0378-4779-A9B2-9A74427EF961}
		{16A1B099-185C-40A7-B46E-9227D423635F} = {8A1BD3C9-9004-43A9-A773-7AC5C3CAB3B5}
		{CC2586AD-CF32-4412-8FF2-843525F450C1} = {D5040E9A-A530-4825-A747-16A4C6D59A85}
		{9275EE8C-6E9A-4FCA-8E83-13E5C8CE1BC8} = {D5040E9A-A530-4825-A747-16A4C6D59A85}
		{DB962D66-3DEE-4760-9486-60AE07CDEF66} = {D5040E9A-A530-4825-A747-16A4C6D59A85}
		{39EE3632-6454-4CF9-87BF-0B43AF6FF49B} = {F3FD9C90-E967-42F1-AAE9-B7D619C9991A}
		{F537FFA8-EC7D-4C9B-A88A-585F262E4621} = {F3FD9C90-E967-42F1-AAE9-B7D619C9991A}
		{CD6A9D95-5638-4170-A5F4-6211AD18EABF} = {F3FD9C90-E967-42F1-AAE9-B7D619C9991A}
		{2E812605-3781-4A45-8C80-76B726204280} = {C866663B-7AEF-443B-988D-2BBD0D9FA9BF}
		{D8B310C0-CB44-453F-BF8F-EF83C6EF9E5D} = {C866663B-7AEF-443B-988D-2BBD0D9FA9BF}
		{CA939BAE-6A4D-463D-8F0A-79EA5F2A6B27} = {C866663B-7AEF-443B-988D-2BBD0D9FA9BF}
		{FF9D6251-7200-4A7C-9267-480EAAEBD36C} = {37D073B6-3F8C-49D4-B7F5-49511FC192CF}
		{63987F97-8799-4F7F-9893-D6F6CC9F0502} = {37D073B6-3F8C-49D4-B7F5-49511FC192CF}
		{D69797CF-2068-43C5-A65F-89312D72A1F4} = {37D073B6-3F8C-49D4-B7F5-49511FC192CF}
		{9194DC94-6037-4688-8649-C7715677BCF6} = {08DF2088-074A-46EC-9802-F6BFB6D40F78}
		{ACD99593-7D50-4B83-851F-49B4243B5F98} = {08DF2088-074A-46EC-9802-F6BFB6D40F78}
		{DE534716-FEA3-494C-8521-B6F5EDE774B8} = {08DF2088-074A-46EC-9802-F6BFB6D40F78}
	EndGlobalSection
	GlobalSection(ExtensibilityGlobals) = postSolution
		SolutionGuid = {851CAD8E-0009-4B13-8FDA-BB33099731E6}
	EndGlobalSection
EndGlobal
